
Microsoft Visual Studio Solution File, Format Version 12.00
# Visual Studio 14
VisualStudioVersion = 14.0.23107.0
MinimumVisualStudioVersion = 10.0.40219.1
Project("{F2A71F9B-5D33-465A-A702-920D77279786}") = "CalcInterpreterFsharp", "CalcInterpreterFsharp\CalcInterpreterFsharp.fsproj", "{B48B207E-41ED-4D28-9FE1-E63404DE44E2}"
EndProject
Global
	GlobalSection(SolutionConfigurationPlatforms) = preSolution
		Debug|Any CPU = Debug|Any CPU
		Release|Any CPU = Release|Any CPU
	EndGlobalSection
	GlobalSection(ProjectConfigurationPlatforms) = postSolution
		{B48B207E-41ED-4D28-9FE1-E63404DE44E2}.Debug|Any CPU.ActiveCfg = Debug|Any CPU
		{B48B207E-41ED-4D28-9FE1-E63404DE44E2}.Debug|Any CPU.Build.0 = Debug|Any CPU
		{B48B207E-41ED-4D28-9FE1-E63404DE44E2}.Release|Any CPU.ActiveCfg = Release|Any CPU
		{B48B207E-41ED-4D28-9FE1-E63404DE44E2}.Release|Any CPU.Build.0 = Release|Any CPU
	EndGlobalSection
	GlobalSection(SolutionProperties) = preSolution
		HideSolutionNode = FALSE
	EndGlobalSection
EndGlobal
